// !$*UTF8*$!
{
	archiveVersion = 1;
	classes = {
	};
	objectVersion = 51;
	objects = {

/* Begin PBXBuildFile section */
		5A9586317D93160284C35D54 /* Pods_InstagramTests.framework in Frameworks */ = {isa = PBXBuildFile; fileRef = 1EDE9BC74FA96B7254540AFF /* Pods_InstagramTests.framework */; };
		7ACFAFD0650CB897EB2D87B1 /* Pods_Instagram_InstagramUITests.framework in Frameworks */ = {isa = PBXBuildFile; fileRef = B059771E7F3B76B1AE6ADF4F /* Pods_Instagram_InstagramUITests.framework */; };
		D21B4E4C7C1214B614560F33 /* Pods_Instagram.framework in Frameworks */ = {isa = PBXBuildFile; fileRef = B3BBAA28319CE302BC216972 /* Pods_Instagram.framework */; };
		DCFF7A3C24B3BAC80022D6C7 /* AppDelegate.m in Sources */ = {isa = PBXBuildFile; fileRef = DCFF7A3B24B3BAC80022D6C7 /* AppDelegate.m */; };
		DCFF7A3F24B3BAC80022D6C7 /* SceneDelegate.m in Sources */ = {isa = PBXBuildFile; fileRef = DCFF7A3E24B3BAC80022D6C7 /* SceneDelegate.m */; };
		DCFF7A4524B3BAC80022D6C7 /* Main.storyboard in Resources */ = {isa = PBXBuildFile; fileRef = DCFF7A4324B3BAC80022D6C7 /* Main.storyboard */; };
		DCFF7A4724B3BACA0022D6C7 /* Assets.xcassets in Resources */ = {isa = PBXBuildFile; fileRef = DCFF7A4624B3BACA0022D6C7 /* Assets.xcassets */; };
		DCFF7A4A24B3BACA0022D6C7 /* LaunchScreen.storyboard in Resources */ = {isa = PBXBuildFile; fileRef = DCFF7A4824B3BACA0022D6C7 /* LaunchScreen.storyboard */; };
		DCFF7A4D24B3BACA0022D6C7 /* main.m in Sources */ = {isa = PBXBuildFile; fileRef = DCFF7A4C24B3BACA0022D6C7 /* main.m */; };
		DCFF7A5724B3BACA0022D6C7 /* InstagramTests.m in Sources */ = {isa = PBXBuildFile; fileRef = DCFF7A5624B3BACA0022D6C7 /* InstagramTests.m */; };
		DCFF7A6224B3BACA0022D6C7 /* InstagramUITests.m in Sources */ = {isa = PBXBuildFile; fileRef = DCFF7A6124B3BACA0022D6C7 /* InstagramUITests.m */; };
		DCFF7A7124B3CD330022D6C7 /* LoginViewController.m in Sources */ = {isa = PBXBuildFile; fileRef = DCFF7A7024B3CD330022D6C7 /* LoginViewController.m */; };
		DCFF7A7424B3D2740022D6C7 /* TimelineViewController.m in Sources */ = {isa = PBXBuildFile; fileRef = DCFF7A7324B3D2740022D6C7 /* TimelineViewController.m */; };
/* End PBXBuildFile section */

/* Begin PBXContainerItemProxy section */
		DCFF7A5324B3BACA0022D6C7 /* PBXContainerItemProxy */ = {
			isa = PBXContainerItemProxy;
			containerPortal = DCFF7A2F24B3BAC80022D6C7 /* Project object */;
			proxyType = 1;
			remoteGlobalIDString = DCFF7A3624B3BAC80022D6C7;
			remoteInfo = Instagram;
		};
		DCFF7A5E24B3BACA0022D6C7 /* PBXContainerItemProxy */ = {
			isa = PBXContainerItemProxy;
			containerPortal = DCFF7A2F24B3BAC80022D6C7 /* Project object */;
			proxyType = 1;
			remoteGlobalIDString = DCFF7A3624B3BAC80022D6C7;
			remoteInfo = Instagram;
		};
/* End PBXContainerItemProxy section */

/* Begin PBXFileReference section */
		1EDE9BC74FA96B7254540AFF /* Pods_InstagramTests.framework */ = {isa = PBXFileReference; explicitFileType = wrapper.framework; includeInIndex = 0; path = Pods_InstagramTests.framework; sourceTree = BUILT_PRODUCTS_DIR; };
		5EF79085E39F649E827BE508 /* Pods-Instagram.release.xcconfig */ = {isa = PBXFileReference; includeInIndex = 1; lastKnownFileType = text.xcconfig; name = "Pods-Instagram.release.xcconfig"; path = "Target Support Files/Pods-Instagram/Pods-Instagram.release.xcconfig"; sourceTree = "<group>"; };
		632281F33FF94BC10F496D38 /* Pods-InstagramTests.debug.xcconfig */ = {isa = PBXFileReference; includeInIndex = 1; lastKnownFileType = text.xcconfig; name = "Pods-InstagramTests.debug.xcconfig"; path = "Target Support Files/Pods-InstagramTests/Pods-InstagramTests.debug.xcconfig"; sourceTree = "<group>"; };
		675FC8BA5151A3776EF5B5FC /* Pods-Instagram-InstagramUITests.debug.xcconfig */ = {isa = PBXFileReference; includeInIndex = 1; lastKnownFileType = text.xcconfig; name = "Pods-Instagram-InstagramUITests.debug.xcconfig"; path = "Target Support Files/Pods-Instagram-InstagramUITests/Pods-Instagram-InstagramUITests.debug.xcconfig"; sourceTree = "<group>"; };
		7DA5A056B2EF40990D27C84B /* Pods-Instagram.debug.xcconfig */ = {isa = PBXFileReference; includeInIndex = 1; lastKnownFileType = text.xcconfig; name = "Pods-Instagram.debug.xcconfig"; path = "Target Support Files/Pods-Instagram/Pods-Instagram.debug.xcconfig"; sourceTree = "<group>"; };
		B059771E7F3B76B1AE6ADF4F /* Pods_Instagram_InstagramUITests.framework */ = {isa = PBXFileReference; explicitFileType = wrapper.framework; includeInIndex = 0; path = Pods_Instagram_InstagramUITests.framework; sourceTree = BUILT_PRODUCTS_DIR; };
		B3BBAA28319CE302BC216972 /* Pods_Instagram.framework */ = {isa = PBXFileReference; explicitFileType = wrapper.framework; includeInIndex = 0; path = Pods_Instagram.framework; sourceTree = BUILT_PRODUCTS_DIR; };
		DCFF7A3724B3BAC80022D6C7 /* Instagram.app */ = {isa = PBXFileReference; explicitFileType = wrapper.application; includeInIndex = 0; path = Instagram.app; sourceTree = BUILT_PRODUCTS_DIR; };
		DCFF7A3A24B3BAC80022D6C7 /* AppDelegate.h */ = {isa = PBXFileReference; lastKnownFileType = sourcecode.c.h; path = AppDelegate.h; sourceTree = "<group>"; };
		DCFF7A3B24B3BAC80022D6C7 /* AppDelegate.m */ = {isa = PBXFileReference; lastKnownFileType = sourcecode.c.objc; path = AppDelegate.m; sourceTree = "<group>"; };
		DCFF7A3D24B3BAC80022D6C7 /* SceneDelegate.h */ = {isa = PBXFileReference; lastKnownFileType = sourcecode.c.h; path = SceneDelegate.h; sourceTree = "<group>"; };
		DCFF7A3E24B3BAC80022D6C7 /* SceneDelegate.m */ = {isa = PBXFileReference; lastKnownFileType = sourcecode.c.objc; path = SceneDelegate.m; sourceTree = "<group>"; };
		DCFF7A4424B3BAC80022D6C7 /* Base */ = {isa = PBXFileReference; lastKnownFileType = file.storyboard; name = Base; path = Base.lproj/Main.storyboard; sourceTree = "<group>"; };
		DCFF7A4624B3BACA0022D6C7 /* Assets.xcassets */ = {isa = PBXFileReference; lastKnownFileType = folder.assetcatalog; path = Assets.xcassets; sourceTree = "<group>"; };
		DCFF7A4924B3BACA0022D6C7 /* Base */ = {isa = PBXFileReference; lastKnownFileType = file.storyboard; name = Base; path = Base.lproj/LaunchScreen.storyboard; sourceTree = "<group>"; };
		DCFF7A4B24B3BACA0022D6C7 /* Info.plist */ = {isa = PBXFileReference; lastKnownFileType = text.plist.xml; path = Info.plist; sourceTree = "<group>"; };
		DCFF7A4C24B3BACA0022D6C7 /* main.m */ = {isa = PBXFileReference; lastKnownFileType = sourcecode.c.objc; path = main.m; sourceTree = "<group>"; };
		DCFF7A5224B3BACA0022D6C7 /* InstagramTests.xctest */ = {isa = PBXFileReference; explicitFileType = wrapper.cfbundle; includeInIndex = 0; path = InstagramTests.xctest; sourceTree = BUILT_PRODUCTS_DIR; };
		DCFF7A5624B3BACA0022D6C7 /* InstagramTests.m */ = {isa = PBXFileReference; lastKnownFileType = sourcecode.c.objc; path = InstagramTests.m; sourceTree = "<group>"; };
		DCFF7A5824B3BACA0022D6C7 /* Info.plist */ = {isa = PBXFileReference; lastKnownFileType = text.plist.xml; path = Info.plist; sourceTree = "<group>"; };
		DCFF7A5D24B3BACA0022D6C7 /* InstagramUITests.xctest */ = {isa = PBXFileReference; explicitFileType = wrapper.cfbundle; includeInIndex = 0; path = InstagramUITests.xctest; sourceTree = BUILT_PRODUCTS_DIR; };
		DCFF7A6124B3BACA0022D6C7 /* InstagramUITests.m */ = {isa = PBXFileReference; lastKnownFileType = sourcecode.c.objc; path = InstagramUITests.m; sourceTree = "<group>"; };
		DCFF7A6324B3BACA0022D6C7 /* Info.plist */ = {isa = PBXFileReference; lastKnownFileType = text.plist.xml; path = Info.plist; sourceTree = "<group>"; };
		DCFF7A6F24B3CD330022D6C7 /* LoginViewController.h */ = {isa = PBXFileReference; lastKnownFileType = sourcecode.c.h; path = LoginViewController.h; sourceTree = "<group>"; };
		DCFF7A7024B3CD330022D6C7 /* LoginViewController.m */ = {isa = PBXFileReference; lastKnownFileType = sourcecode.c.objc; path = LoginViewController.m; sourceTree = "<group>"; };
		DCFF7A7224B3D2740022D6C7 /* TimelineViewController.h */ = {isa = PBXFileReference; lastKnownFileType = sourcecode.c.h; path = TimelineViewController.h; sourceTree = "<group>"; };
		DCFF7A7324B3D2740022D6C7 /* TimelineViewController.m */ = {isa = PBXFileReference; lastKnownFileType = sourcecode.c.objc; path = TimelineViewController.m; sourceTree = "<group>"; };
		ED026907AE7B7C98C9CDFDB4 /* Pods-InstagramTests.release.xcconfig */ = {isa = PBXFileReference; includeInIndex = 1; lastKnownFileType = text.xcconfig; name = "Pods-InstagramTests.release.xcconfig"; path = "Target Support Files/Pods-InstagramTests/Pods-InstagramTests.release.xcconfig"; sourceTree = "<group>"; };
		FE27FE67B89BB521960AE3E6 /* Pods-Instagram-InstagramUITests.release.xcconfig */ = {isa = PBXFileReference; includeInIndex = 1; lastKnownFileType = text.xcconfig; name = "Pods-Instagram-InstagramUITests.release.xcconfig"; path = "Target Support Files/Pods-Instagram-InstagramUITests/Pods-Instagram-InstagramUITests.release.xcconfig"; sourceTree = "<group>"; };
/* End PBXFileReference section */

/* Begin PBXFrameworksBuildPhase section */
		DCFF7A3424B3BAC80022D6C7 /* Frameworks */ = {
			isa = PBXFrameworksBuildPhase;
			buildActionMask = 2147483647;
			files = (
				D21B4E4C7C1214B614560F33 /* Pods_Instagram.framework in Frameworks */,
			);
			runOnlyForDeploymentPostprocessing = 0;
		};
		DCFF7A4F24B3BACA0022D6C7 /* Frameworks */ = {
			isa = PBXFrameworksBuildPhase;
			buildActionMask = 2147483647;
			files = (
				5A9586317D93160284C35D54 /* Pods_InstagramTests.framework in Frameworks */,
			);
			runOnlyForDeploymentPostprocessing = 0;
		};
		DCFF7A5A24B3BACA0022D6C7 /* Frameworks */ = {
			isa = PBXFrameworksBuildPhase;
			buildActionMask = 2147483647;
			files = (
				7ACFAFD0650CB897EB2D87B1 /* Pods_Instagram_InstagramUITests.framework in Frameworks */,
			);
			runOnlyForDeploymentPostprocessing = 0;
		};
/* End PBXFrameworksBuildPhase section */

/* Begin PBXGroup section */
		C7E564B471FD8597C1507184 /* Frameworks */ = {
			isa = PBXGroup;
			children = (
				B3BBAA28319CE302BC216972 /* Pods_Instagram.framework */,
				B059771E7F3B76B1AE6ADF4F /* Pods_Instagram_InstagramUITests.framework */,
				1EDE9BC74FA96B7254540AFF /* Pods_InstagramTests.framework */,
			);
			name = Frameworks;
			sourceTree = "<group>";
		};
		D2DF1FF1C1AECEEDE0D94759 /* Pods */ = {
			isa = PBXGroup;
			children = (
				7DA5A056B2EF40990D27C84B /* Pods-Instagram.debug.xcconfig */,
				5EF79085E39F649E827BE508 /* Pods-Instagram.release.xcconfig */,
				675FC8BA5151A3776EF5B5FC /* Pods-Instagram-InstagramUITests.debug.xcconfig */,
				FE27FE67B89BB521960AE3E6 /* Pods-Instagram-InstagramUITests.release.xcconfig */,
				632281F33FF94BC10F496D38 /* Pods-InstagramTests.debug.xcconfig */,
				ED026907AE7B7C98C9CDFDB4 /* Pods-InstagramTests.release.xcconfig */,
			);
			path = Pods;
			sourceTree = "<group>";
		};
		DCFF7A2E24B3BAC80022D6C7 = {
			isa = PBXGroup;
			children = (
				DCFF7A3924B3BAC80022D6C7 /* Instagram */,
				DCFF7A5524B3BACA0022D6C7 /* InstagramTests */,
				DCFF7A6024B3BACA0022D6C7 /* InstagramUITests */,
				DCFF7A3824B3BAC80022D6C7 /* Products */,
				D2DF1FF1C1AECEEDE0D94759 /* Pods */,
				C7E564B471FD8597C1507184 /* Frameworks */,
			);
			sourceTree = "<group>";
		};
		DCFF7A3824B3BAC80022D6C7 /* Products */ = {
			isa = PBXGroup;
			children = (
				DCFF7A3724B3BAC80022D6C7 /* Instagram.app */,
				DCFF7A5224B3BACA0022D6C7 /* InstagramTests.xctest */,
				DCFF7A5D24B3BACA0022D6C7 /* InstagramUITests.xctest */,
			);
			name = Products;
			sourceTree = "<group>";
		};
		DCFF7A3924B3BAC80022D6C7 /* Instagram */ = {
			isa = PBXGroup;
			children = (
				DCFF7A3A24B3BAC80022D6C7 /* AppDelegate.h */,
				DCFF7A3B24B3BAC80022D6C7 /* AppDelegate.m */,
				DCFF7A3D24B3BAC80022D6C7 /* SceneDelegate.h */,
				DCFF7A3E24B3BAC80022D6C7 /* SceneDelegate.m */,
				DCFF7A4324B3BAC80022D6C7 /* Main.storyboard */,
				DCFF7A4624B3BACA0022D6C7 /* Assets.xcassets */,
				DCFF7A4824B3BACA0022D6C7 /* LaunchScreen.storyboard */,
				DCFF7A4B24B3BACA0022D6C7 /* Info.plist */,
				DCFF7A4C24B3BACA0022D6C7 /* main.m */,
				DCFF7A6F24B3CD330022D6C7 /* LoginViewController.h */,
				DCFF7A7024B3CD330022D6C7 /* LoginViewController.m */,
				DCFF7A7224B3D2740022D6C7 /* TimelineViewController.h */,
				DCFF7A7324B3D2740022D6C7 /* TimelineViewController.m */,
			);
			path = Instagram;
			sourceTree = "<group>";
		};
		DCFF7A5524B3BACA0022D6C7 /* InstagramTests */ = {
			isa = PBXGroup;
			children = (
				DCFF7A5624B3BACA0022D6C7 /* InstagramTests.m */,
				DCFF7A5824B3BACA0022D6C7 /* Info.plist */,
			);
			path = InstagramTests;
			sourceTree = "<group>";
		};
		DCFF7A6024B3BACA0022D6C7 /* InstagramUITests */ = {
			isa = PBXGroup;
			children = (
				DCFF7A6124B3BACA0022D6C7 /* InstagramUITests.m */,
				DCFF7A6324B3BACA0022D6C7 /* Info.plist */,
			);
			path = InstagramUITests;
			sourceTree = "<group>";
		};
/* End PBXGroup section */

/* Begin PBXNativeTarget section */
		DCFF7A3624B3BAC80022D6C7 /* Instagram */ = {
			isa = PBXNativeTarget;
			buildConfigurationList = DCFF7A6624B3BACA0022D6C7 /* Build configuration list for PBXNativeTarget "Instagram" */;
			buildPhases = (
				CFCBE4C6AE4823D60F815156 /* [CP] Check Pods Manifest.lock */,
				DCFF7A3324B3BAC80022D6C7 /* Sources */,
				DCFF7A3424B3BAC80022D6C7 /* Frameworks */,
				DCFF7A3524B3BAC80022D6C7 /* Resources */,
				B0D005F89C776A2D1D63C459 /* [CP] Embed Pods Frameworks */,
			);
			buildRules = (
			);
			dependencies = (
			);
			name = Instagram;
			productName = Instagram;
			productReference = DCFF7A3724B3BAC80022D6C7 /* Instagram.app */;
			productType = "com.apple.product-type.application";
		};
		DCFF7A5124B3BACA0022D6C7 /* InstagramTests */ = {
			isa = PBXNativeTarget;
			buildConfigurationList = DCFF7A6924B3BACA0022D6C7 /* Build configuration list for PBXNativeTarget "InstagramTests" */;
			buildPhases = (
				7D6BF84232EC8DE1813CFE20 /* [CP] Check Pods Manifest.lock */,
				DCFF7A4E24B3BACA0022D6C7 /* Sources */,
				DCFF7A4F24B3BACA0022D6C7 /* Frameworks */,
				DCFF7A5024B3BACA0022D6C7 /* Resources */,
			);
			buildRules = (
			);
			dependencies = (
				DCFF7A5424B3BACA0022D6C7 /* PBXTargetDependency */,
			);
			name = InstagramTests;
			productName = InstagramTests;
			productReference = DCFF7A5224B3BACA0022D6C7 /* InstagramTests.xctest */;
			productType = "com.apple.product-type.bundle.unit-test";
		};
		DCFF7A5C24B3BACA0022D6C7 /* InstagramUITests */ = {
			isa = PBXNativeTarget;
			buildConfigurationList = DCFF7A6C24B3BACA0022D6C7 /* Build configuration list for PBXNativeTarget "InstagramUITests" */;
			buildPhases = (
				70F6314449989BFD1E5EEEF4 /* [CP] Check Pods Manifest.lock */,
				DCFF7A5924B3BACA0022D6C7 /* Sources */,
				DCFF7A5A24B3BACA0022D6C7 /* Frameworks */,
				DCFF7A5B24B3BACA0022D6C7 /* Resources */,
				D8FFDAF63F26A26E2EF3BA15 /* [CP] Embed Pods Frameworks */,
			);
			buildRules = (
			);
			dependencies = (
				DCFF7A5F24B3BACA0022D6C7 /* PBXTargetDependency */,
			);
			name = InstagramUITests;
			productName = InstagramUITests;
			productReference = DCFF7A5D24B3BACA0022D6C7 /* InstagramUITests.xctest */;
			productType = "com.apple.product-type.bundle.ui-testing";
		};
/* End PBXNativeTarget section */

/* Begin PBXProject section */
		DCFF7A2F24B3BAC80022D6C7 /* Project object */ = {
			isa = PBXProject;
			attributes = {
				LastUpgradeCheck = 1150;
				ORGANIZATIONNAME = laurentsai;
				TargetAttributes = {
					DCFF7A3624B3BAC80022D6C7 = {
						CreatedOnToolsVersion = 11.5;
					};
					DCFF7A5124B3BACA0022D6C7 = {
						CreatedOnToolsVersion = 11.5;
						TestTargetID = DCFF7A3624B3BAC80022D6C7;
					};
					DCFF7A5C24B3BACA0022D6C7 = {
						CreatedOnToolsVersion = 11.5;
						TestTargetID = DCFF7A3624B3BAC80022D6C7;
					};
				};
			};
			buildConfigurationList = DCFF7A3224B3BAC80022D6C7 /* Build configuration list for PBXProject "Instagram" */;
			compatibilityVersion = "Xcode 9.3";
			developmentRegion = en;
			hasScannedForEncodings = 0;
			knownRegions = (
				en,
				Base,
			);
			mainGroup = DCFF7A2E24B3BAC80022D6C7;
			productRefGroup = DCFF7A3824B3BAC80022D6C7 /* Products */;
			projectDirPath = "";
			projectRoot = "";
			targets = (
				DCFF7A3624B3BAC80022D6C7 /* Instagram */,
				DCFF7A5124B3BACA0022D6C7 /* InstagramTests */,
				DCFF7A5C24B3BACA0022D6C7 /* InstagramUITests */,
			);
		};
/* End PBXProject section */

/* Begin PBXResourcesBuildPhase section */
		DCFF7A3524B3BAC80022D6C7 /* Resources */ = {
			isa = PBXResourcesBuildPhase;
			buildActionMask = 2147483647;
			files = (
				DCFF7A4A24B3BACA0022D6C7 /* LaunchScreen.storyboard in Resources */,
				DCFF7A4724B3BACA0022D6C7 /* Assets.xcassets in Resources */,
				DCFF7A4524B3BAC80022D6C7 /* Main.storyboard in Resources */,
			);
			runOnlyForDeploymentPostprocessing = 0;
		};
		DCFF7A5024B3BACA0022D6C7 /* Resources */ = {
			isa = PBXResourcesBuildPhase;
			buildActionMask = 2147483647;
			files = (
			);
			runOnlyForDeploymentPostprocessing = 0;
		};
		DCFF7A5B24B3BACA0022D6C7 /* Resources */ = {
			isa = PBXResourcesBuildPhase;
			buildActionMask = 2147483647;
			files = (
			);
			runOnlyForDeploymentPostprocessing = 0;
		};
/* End PBXResourcesBuildPhase section */

/* Begin PBXShellScriptBuildPhase section */
		70F6314449989BFD1E5EEEF4 /* [CP] Check Pods Manifest.lock */ = {
			isa = PBXShellScriptBuildPhase;
			buildActionMask = 2147483647;
			files = (
			);
			inputFileListPaths = (
			);
			inputPaths = (
				"${PODS_PODFILE_DIR_PATH}/Podfile.lock",
				"${PODS_ROOT}/Manifest.lock",
			);
			name = "[CP] Check Pods Manifest.lock";
			outputFileListPaths = (
			);
			outputPaths = (
				"$(DERIVED_FILE_DIR)/Pods-Instagram-InstagramUITests-checkManifestLockResult.txt",
			);
			runOnlyForDeploymentPostprocessing = 0;
			shellPath = /bin/sh;
			shellScript = "diff \"${PODS_PODFILE_DIR_PATH}/Podfile.lock\" \"${PODS_ROOT}/Manifest.lock\" > /dev/null\nif [ $? != 0 ] ; then\n    # print error to STDERR\n    echo \"error: The sandbox is not in sync with the Podfile.lock. Run 'pod install' or update your CocoaPods installation.\" >&2\n    exit 1\nfi\n# This output is used by Xcode 'outputs' to avoid re-running this script phase.\necho \"SUCCESS\" > \"${SCRIPT_OUTPUT_FILE_0}\"\n";
			showEnvVarsInLog = 0;
		};
		7D6BF84232EC8DE1813CFE20 /* [CP] Check Pods Manifest.lock */ = {
			isa = PBXShellScriptBuildPhase;
			buildActionMask = 2147483647;
			files = (
			);
			inputFileListPaths = (
			);
			inputPaths = (
				"${PODS_PODFILE_DIR_PATH}/Podfile.lock",
				"${PODS_ROOT}/Manifest.lock",
			);
			name = "[CP] Check Pods Manifest.lock";
			outputFileListPaths = (
			);
			outputPaths = (
				"$(DERIVED_FILE_DIR)/Pods-InstagramTests-checkManifestLockResult.txt",
			);
			runOnlyForDeploymentPostprocessing = 0;
			shellPath = /bin/sh;
			shellScript = "diff \"${PODS_PODFILE_DIR_PATH}/Podfile.lock\" \"${PODS_ROOT}/Manifest.lock\" > /dev/null\nif [ $? != 0 ] ; then\n    # print error to STDERR\n    echo \"error: The sandbox is not in sync with the Podfile.lock. Run 'pod install' or update your CocoaPods installation.\" >&2\n    exit 1\nfi\n# This output is used by Xcode 'outputs' to avoid re-running this script phase.\necho \"SUCCESS\" > \"${SCRIPT_OUTPUT_FILE_0}\"\n";
			showEnvVarsInLog = 0;
		};
		B0D005F89C776A2D1D63C459 /* [CP] Embed Pods Frameworks */ = {
			isa = PBXShellScriptBuildPhase;
			buildActionMask = 2147483647;
			files = (
			);
			inputFileListPaths = (
				"${PODS_ROOT}/Target Support Files/Pods-Instagram/Pods-Instagram-frameworks-${CONFIGURATION}-input-files.xcfilelist",
			);
			name = "[CP] Embed Pods Frameworks";
			outputFileListPaths = (
				"${PODS_ROOT}/Target Support Files/Pods-Instagram/Pods-Instagram-frameworks-${CONFIGURATION}-output-files.xcfilelist",
			);
			runOnlyForDeploymentPostprocessing = 0;
			shellPath = /bin/sh;
			shellScript = "\"${PODS_ROOT}/Target Support Files/Pods-Instagram/Pods-Instagram-frameworks.sh\"\n";
			showEnvVarsInLog = 0;
		};
		CFCBE4C6AE4823D60F815156 /* [CP] Check Pods Manifest.lock */ = {
			isa = PBXShellScriptBuildPhase;
			buildActionMask = 2147483647;
			files = (
			);
			inputFileListPaths = (
			);
			inputPaths = (
				"${PODS_PODFILE_DIR_PATH}/Podfile.lock",
				"${PODS_ROOT}/Manifest.lock",
			);
			name = "[CP] Check Pods Manifest.lock";
			outputFileListPaths = (
			);
			outputPaths = (
				"$(DERIVED_FILE_DIR)/Pods-Instagram-checkManifestLockResult.txt",
			);
			runOnlyForDeploymentPostprocessing = 0;
			shellPath = /bin/sh;
			shellScript = "diff \"${PODS_PODFILE_DIR_PATH}/Podfile.lock\" \"${PODS_ROOT}/Manifest.lock\" > /dev/null\nif [ $? != 0 ] ; then\n    # print error to STDERR\n    echo \"error: The sandbox is not in sync with the Podfile.lock. Run 'pod install' or update your CocoaPods installation.\" >&2\n    exit 1\nfi\n# This output is used by Xcode 'outputs' to avoid re-running this script phase.\necho \"SUCCESS\" > \"${SCRIPT_OUTPUT_FILE_0}\"\n";
			showEnvVarsInLog = 0;
		};
		D8FFDAF63F26A26E2EF3BA15 /* [CP] Embed Pods Frameworks */ = {
			isa = PBXShellScriptBuildPhase;
			buildActionMask = 2147483647;
			files = (
			);
			inputFileListPaths = (
				"${PODS_ROOT}/Target Support Files/Pods-Instagram-InstagramUITests/Pods-Instagram-InstagramUITests-frameworks-${CONFIGURATION}-input-files.xcfilelist",
			);
			name = "[CP] Embed Pods Frameworks";
			outputFileListPaths = (
				"${PODS_ROOT}/Target Support Files/Pods-Instagram-InstagramUITests/Pods-Instagram-InstagramUITests-frameworks-${CONFIGURATION}-output-files.xcfilelist",
			);
			runOnlyForDeploymentPostprocessing = 0;
			shellPath = /bin/sh;
			shellScript = "\"${PODS_ROOT}/Target Support Files/Pods-Instagram-InstagramUITests/Pods-Instagram-InstagramUITests-frameworks.sh\"\n";
			showEnvVarsInLog = 0;
		};
/* End PBXShellScriptBuildPhase section */

/* Begin PBXSourcesBuildPhase section */
		DCFF7A3324B3BAC80022D6C7 /* Sources */ = {
			isa = PBXSourcesBuildPhase;
			buildActionMask = 2147483647;
			files = (
				DCFF7A3C24B3BAC80022D6C7 /* AppDelegate.m in Sources */,
				DCFF7A4D24B3BACA0022D6C7 /* main.m in Sources */,
				DCFF7A3F24B3BAC80022D6C7 /* SceneDelegate.m in Sources */,
				DCFF7A7124B3CD330022D6C7 /* LoginViewController.m in Sources */,
				DCFF7A7424B3D2740022D6C7 /* TimelineViewController.m in Sources */,
			);
			runOnlyForDeploymentPostprocessing = 0;
		};
		DCFF7A4E24B3BACA0022D6C7 /* Sources */ = {
			isa = PBXSourcesBuildPhase;
			buildActionMask = 2147483647;
			files = (
				DCFF7A5724B3BACA0022D6C7 /* InstagramTests.m in Sources */,
			);
			runOnlyForDeploymentPostprocessing = 0;
		};
		DCFF7A5924B3BACA0022D6C7 /* Sources */ = {
			isa = PBXSourcesBuildPhase;
			buildActionMask = 2147483647;
			files = (
				DCFF7A6224B3BACA0022D6C7 /* InstagramUITests.m in Sources */,
			);
			runOnlyForDeploymentPostprocessing = 0;
		};
/* End PBXSourcesBuildPhase section */

/* Begin PBXTargetDependency section */
		DCFF7A5424B3BACA0022D6C7 /* PBXTargetDependency */ = {
			isa = PBXTargetDependency;
			target = DCFF7A3624B3BAC80022D6C7 /* Instagram */;
			targetProxy = DCFF7A5324B3BACA0022D6C7 /* PBXContainerItemProxy */;
		};
		DCFF7A5F24B3BACA0022D6C7 /* PBXTargetDependency */ = {
			isa = PBXTargetDependency;
			target = DCFF7A3624B3BAC80022D6C7 /* Instagram */;
			targetProxy = DCFF7A5E24B3BACA0022D6C7 /* PBXContainerItemProxy */;
		};
/* End PBXTargetDependency section */

/* Begin PBXVariantGroup section */
		DCFF7A4324B3BAC80022D6C7 /* Main.storyboard */ = {
			isa = PBXVariantGroup;
			children = (
				DCFF7A4424B3BAC80022D6C7 /* Base */,
			);
			name = Main.storyboard;
			sourceTree = "<group>";
		};
		DCFF7A4824B3BACA0022D6C7 /* LaunchScreen.storyboard */ = {
			isa = PBXVariantGroup;
			children = (
				DCFF7A4924B3BACA0022D6C7 /* Base */,
			);
			name = LaunchScreen.storyboard;
			sourceTree = "<group>";
		};
/* End PBXVariantGroup section */

/* Begin XCBuildConfiguration section */
		DCFF7A6424B3BACA0022D6C7 /* Debug */ = {
			isa = XCBuildConfiguration;
			buildSettings = {
				ALWAYS_SEARCH_USER_PATHS = NO;
				CLANG_ANALYZER_NONNULL = YES;
				CLANG_ANALYZER_NUMBER_OBJECT_CONVERSION = YES_AGGRESSIVE;
				CLANG_CXX_LANGUAGE_STANDARD = "gnu++14";
				CLANG_CXX_LIBRARY = "libc++";
				CLANG_ENABLE_MODULES = YES;
				CLANG_ENABLE_OBJC_ARC = YES;
				CLANG_ENABLE_OBJC_WEAK = YES;
				CLANG_WARN_BLOCK_CAPTURE_AUTORELEASING = YES;
				CLANG_WARN_BOOL_CONVERSION = YES;
				CLANG_WARN_COMMA = YES;
				CLANG_WARN_CONSTANT_CONVERSION = YES;
				CLANG_WARN_DEPRECATED_OBJC_IMPLEMENTATIONS = YES;
				CLANG_WARN_DIRECT_OBJC_ISA_USAGE = YES_ERROR;
				CLANG_WARN_DOCUMENTATION_COMMENTS = YES;
				CLANG_WARN_EMPTY_BODY = YES;
				CLANG_WARN_ENUM_CONVERSION = YES;
				CLANG_WARN_INFINITE_RECURSION = YES;
				CLANG_WARN_INT_CONVERSION = YES;
				CLANG_WARN_NON_LITERAL_NULL_CONVERSION = YES;
				CLANG_WARN_OBJC_IMPLICIT_RETAIN_SELF = YES;
				CLANG_WARN_OBJC_LITERAL_CONVERSION = YES;
				CLANG_WARN_OBJC_ROOT_CLASS = YES_ERROR;
				CLANG_WARN_RANGE_LOOP_ANALYSIS = YES;
				CLANG_WARN_STRICT_PROTOTYPES = YES;
				CLANG_WARN_SUSPICIOUS_MOVE = YES;
				CLANG_WARN_UNGUARDED_AVAILABILITY = YES_AGGRESSIVE;
				CLANG_WARN_UNREACHABLE_CODE = YES;
				CLANG_WARN__DUPLICATE_METHOD_MATCH = YES;
				COPY_PHASE_STRIP = NO;
				DEBUG_INFORMATION_FORMAT = dwarf;
				ENABLE_STRICT_OBJC_MSGSEND = YES;
				ENABLE_TESTABILITY = YES;
				GCC_C_LANGUAGE_STANDARD = gnu11;
				GCC_DYNAMIC_NO_PIC = NO;
				GCC_NO_COMMON_BLOCKS = YES;
				GCC_OPTIMIZATION_LEVEL = 0;
				GCC_PREPROCESSOR_DEFINITIONS = (
					"DEBUG=1",
					"$(inherited)",
				);
				GCC_WARN_64_TO_32_BIT_CONVERSION = YES;
				GCC_WARN_ABOUT_RETURN_TYPE = YES_ERROR;
				GCC_WARN_UNDECLARED_SELECTOR = YES;
				GCC_WARN_UNINITIALIZED_AUTOS = YES_AGGRESSIVE;
				GCC_WARN_UNUSED_FUNCTION = YES;
				GCC_WARN_UNUSED_VARIABLE = YES;
				IPHONEOS_DEPLOYMENT_TARGET = 13.5;
				MTL_ENABLE_DEBUG_INFO = INCLUDE_SOURCE;
				MTL_FAST_MATH = YES;
				ONLY_ACTIVE_ARCH = YES;
				SDKROOT = iphoneos;
			};
			name = Debug;
		};
		DCFF7A6524B3BACA0022D6C7 /* Release */ = {
			isa = XCBuildConfiguration;
			buildSettings = {
				ALWAYS_SEARCH_USER_PATHS = NO;
				CLANG_ANALYZER_NONNULL = YES;
				CLANG_ANALYZER_NUMBER_OBJECT_CONVERSION = YES_AGGRESSIVE;
				CLANG_CXX_LANGUAGE_STANDARD = "gnu++14";
				CLANG_CXX_LIBRARY = "libc++";
				CLANG_ENABLE_MODULES = YES;
				CLANG_ENABLE_OBJC_ARC = YES;
				CLANG_ENABLE_OBJC_WEAK = YES;
				CLANG_WARN_BLOCK_CAPTURE_AUTORELEASING = YES;
				CLANG_WARN_BOOL_CONVERSION = YES;
				CLANG_WARN_COMMA = YES;
				CLANG_WARN_CONSTANT_CONVERSION = YES;
				CLANG_WARN_DEPRECATED_OBJC_IMPLEMENTATIONS = YES;
				CLANG_WARN_DIRECT_OBJC_ISA_USAGE = YES_ERROR;
				CLANG_WARN_DOCUMENTATION_COMMENTS = YES;
				CLANG_WARN_EMPTY_BODY = YES;
				CLANG_WARN_ENUM_CONVERSION = YES;
				CLANG_WARN_INFINITE_RECURSION = YES;
				CLANG_WARN_INT_CONVERSION = YES;
				CLANG_WARN_NON_LITERAL_NULL_CONVERSION = YES;
				CLANG_WARN_OBJC_IMPLICIT_RETAIN_SELF = YES;
				CLANG_WARN_OBJC_LITERAL_CONVERSION = YES;
				CLANG_WARN_OBJC_ROOT_CLASS = YES_ERROR;
				CLANG_WARN_RANGE_LOOP_ANALYSIS = YES;
				CLANG_WARN_STRICT_PROTOTYPES = YES;
				CLANG_WARN_SUSPICIOUS_MOVE = YES;
				CLANG_WARN_UNGUARDED_AVAILABILITY = YES_AGGRESSIVE;
				CLANG_WARN_UNREACHABLE_CODE = YES;
				CLANG_WARN__DUPLICATE_METHOD_MATCH = YES;
				COPY_PHASE_STRIP = NO;
				DEBUG_INFORMATION_FORMAT = "dwarf-with-dsym";
				ENABLE_NS_ASSERTIONS = NO;
				ENABLE_STRICT_OBJC_MSGSEND = YES;
				GCC_C_LANGUAGE_STANDARD = gnu11;
				GCC_NO_COMMON_BLOCKS = YES;
				GCC_WARN_64_TO_32_BIT_CONVERSION = YES;
				GCC_WARN_ABOUT_RETURN_TYPE = YES_ERROR;
				GCC_WARN_UNDECLARED_SELECTOR = YES;
				GCC_WARN_UNINITIALIZED_AUTOS = YES_AGGRESSIVE;
				GCC_WARN_UNUSED_FUNCTION = YES;
				GCC_WARN_UNUSED_VARIABLE = YES;
				IPHONEOS_DEPLOYMENT_TARGET = 13.5;
				MTL_ENABLE_DEBUG_INFO = NO;
				MTL_FAST_MATH = YES;
				SDKROOT = iphoneos;
				VALIDATE_PRODUCT = YES;
			};
			name = Release;
		};
		DCFF7A6724B3BACA0022D6C7 /* Debug */ = {
			isa = XCBuildConfiguration;
			baseConfigurationReference = 7DA5A056B2EF40990D27C84B /* Pods-Instagram.debug.xcconfig */;
			buildSettings = {
				ASSETCATALOG_COMPILER_APPICON_NAME = AppIcon;
				CODE_SIGN_STYLE = Automatic;
				DEVELOPMENT_TEAM = SL6QTNT4Q5;
				INFOPLIST_FILE = Instagram/Info.plist;
				LD_RUNPATH_SEARCH_PATHS = (
					"$(inherited)",
					"@executable_path/Frameworks",
				);
				PRODUCT_BUNDLE_IDENTIFIER = com.laurentsai.Instagram;
				PRODUCT_NAME = "$(TARGET_NAME)";
				TARGETED_DEVICE_FAMILY = "1,2";
			};
			name = Debug;
		};
		DCFF7A6824B3BACA0022D6C7 /* Release */ = {
			isa = XCBuildConfiguration;
			baseConfigurationReference = 5EF79085E39F649E827BE508 /* Pods-Instagram.release.xcconfig */;
			buildSettings = {
				ASSETCATALOG_COMPILER_APPICON_NAME = AppIcon;
				CODE_SIGN_STYLE = Automatic;
				DEVELOPMENT_TEAM = SL6QTNT4Q5;
				INFOPLIST_FILE = Instagram/Info.plist;
				LD_RUNPATH_SEARCH_PATHS = (
					"$(inherited)",
					"@executable_path/Frameworks",
				);
				PRODUCT_BUNDLE_IDENTIFIER = com.laurentsai.Instagram;
				PRODUCT_NAME = "$(TARGET_NAME)";
				TARGETED_DEVICE_FAMILY = "1,2";
			};
			name = Release;
		};
		DCFF7A6A24B3BACA0022D6C7 /* Debug */ = {
			isa = XCBuildConfiguration;
			baseConfigurationReference = 632281F33FF94BC10F496D38 /* Pods-InstagramTests.debug.xcconfig */;
			buildSettings = {
				BUNDLE_LOADER = "$(TEST_HOST)";
				CODE_SIGN_STYLE = Automatic;
				INFOPLIST_FILE = InstagramTests/Info.plist;
				IPHONEOS_DEPLOYMENT_TARGET = 13.5;
				LD_RUNPATH_SEARCH_PATHS = (
					"$(inherited)",
					"@executable_path/Frameworks",
					"@loader_path/Frameworks",
				);
				PRODUCT_BUNDLE_IDENTIFIER = com.laurentsai.InstagramTests;
				PRODUCT_NAME = "$(TARGET_NAME)";
				TARGETED_DEVICE_FAMILY = "1,2";
				TEST_HOST = "$(BUILT_PRODUCTS_DIR)/Instagram.app/Instagram";
			};
			name = Debug;
		};
		DCFF7A6B24B3BACA0022D6C7 /* Release */ = {
			isa = XCBuildConfiguration;
			baseConfigurationReference = ED026907AE7B7C98C9CDFDB4 /* Pods-InstagramTests.release.xcconfig */;
			buildSettings = {
				BUNDLE_LOADER = "$(TEST_HOST)";
				CODE_SIGN_STYLE = Automatic;
				INFOPLIST_FILE = InstagramTests/Info.plist;
				IPHONEOS_DEPLOYMENT_TARGET = 13.5;
				LD_RUNPATH_SEARCH_PATHS = (
					"$(inherited)",
					"@executable_path/Frameworks",
					"@loader_path/Frameworks",
				);
				PRODUCT_BUNDLE_IDENTIFIER = com.laurentsai.InstagramTests;
				PRODUCT_NAME = "$(TARGET_NAME)";
				TARGETED_DEVICE_FAMILY = "1,2";
				TEST_HOST = "$(BUILT_PRODUCTS_DIR)/Instagram.app/Instagram";
			};
			name = Release;
		};
		DCFF7A6D24B3BACA0022D6C7 /* Debug */ = {
			isa = XCBuildConfiguration;
			baseConfigurationReference = 675FC8BA5151A3776EF5B5FC /* Pods-Instagram-InstagramUITests.debug.xcconfig */;
			buildSettings = {
				CODE_SIGN_STYLE = Automatic;
				INFOPLIST_FILE = InstagramUITests/Info.plist;
				LD_RUNPATH_SEARCH_PATHS = (
					"$(inherited)",
					"@executable_path/Frameworks",
					"@loader_path/Frameworks",
				);
				PRODUCT_BUNDLE_IDENTIFIER = com.laurentsai.InstagramUITests;
				PRODUCT_NAME = "$(TARGET_NAME)";
				TARGETED_DEVICE_FAMILY = "1,2";
				TEST_TARGET_NAME = Instagram;
			};
			name = Debug;
		};
		DCFF7A6E24B3BACA0022D6C7 /* Release */ = {
			isa = XCBuildConfiguration;
			baseConfigurationReference = FE27FE67B89BB521960AE3E6 /* Pods-Instagram-InstagramUITests.release.xcconfig */;
			buildSettings = {
				CODE_SIGN_STYLE = Automatic;
				INFOPLIST_FILE = InstagramUITests/Info.plist;
				LD_RUNPATH_SEARCH_PATHS = (
					"$(inherited)",
					"@executable_path/Frameworks",
					"@loader_path/Frameworks",
				);
				PRODUCT_BUNDLE_IDENTIFIER = com.laurentsai.InstagramUITests;
				PRODUCT_NAME = "$(TARGET_NAME)";
				TARGETED_DEVICE_FAMILY = "1,2";
				TEST_TARGET_NAME = Instagram;
			};
			name = Release;
		};
/* End XCBuildConfiguration section */

/* Begin XCConfigurationList section */
		DCFF7A3224B3BAC80022D6C7 /* Build configuration list for PBXProject "Instagram" */ = {
			isa = XCConfigurationList;
			buildConfigurations = (
				DCFF7A6424B3BACA0022D6C7 /* Debug */,
				DCFF7A6524B3BACA0022D6C7 /* Release */,
			);
			defaultConfigurationIsVisible = 0;
			defaultConfigurationName = Release;
		};
		DCFF7A6624B3BACA0022D6C7 /* Build configuration list for PBXNativeTarget "Instagram" */ = {
			isa = XCConfigurationList;
			buildConfigurations = (
				DCFF7A6724B3BACA0022D6C7 /* Debug */,
				DCFF7A6824B3BACA0022D6C7 /* Release */,
			);
			defaultConfigurationIsVisible = 0;
			defaultConfigurationName = Release;
		};
		DCFF7A6924B3BACA0022D6C7 /* Build configuration list for PBXNativeTarget "InstagramTests" */ = {
			isa = XCConfigurationList;
			buildConfigurations = (
				DCFF7A6A24B3BACA0022D6C7 /* Debug */,
				DCFF7A6B24B3BACA0022D6C7 /* Release */,
			);
			defaultConfigurationIsVisible = 0;
			defaultConfigurationName = Release;
		};
		DCFF7A6C24B3BACA0022D6C7 /* Build configuration list for PBXNativeTarget "InstagramUITests" */ = {
			isa = XCConfigurationList;
			buildConfigurations = (
				DCFF7A6D24B3BACA0022D6C7 /* Debug */,
				DCFF7A6E24B3BACA0022D6C7 /* Release */,
			);
			defaultConfigurationIsVisible = 0;
			defaultConfigurationName = Release;
		};
/* End XCConfigurationList section */
	};
	rootObject = DCFF7A2F24B3BAC80022D6C7 /* Project object */;
}
